// !$*UTF8*$!
{
	archiveVersion = 1;
	classes = {
	};
	objectVersion = 50;
	objects = {

/* Begin PBXBuildFile section */
		30290A9A2148A5A000E0F833 /* AppDelegate.swift in Sources */ = {isa = PBXBuildFile; fileRef = 30290A992148A5A000E0F833 /* AppDelegate.swift */; };
		30290A9F2148A5A000E0F833 /* Main.storyboard in Resources */ = {isa = PBXBuildFile; fileRef = 30290A9D2148A5A000E0F833 /* Main.storyboard */; };
		30290AA12148A5A200E0F833 /* Assets.xcassets in Resources */ = {isa = PBXBuildFile; fileRef = 30290AA02148A5A200E0F833 /* Assets.xcassets */; };
		30290AA42148A5A200E0F833 /* LaunchScreen.storyboard in Resources */ = {isa = PBXBuildFile; fileRef = 30290AA22148A5A200E0F833 /* LaunchScreen.storyboard */; };
		30290AAF2148A5A200E0F833 /* FlixTests.swift in Sources */ = {isa = PBXBuildFile; fileRef = 30290AAE2148A5A200E0F833 /* FlixTests.swift */; };
		30290ABA2148A5A200E0F833 /* FlixUITests.swift in Sources */ = {isa = PBXBuildFile; fileRef = 30290AB92148A5A200E0F833 /* FlixUITests.swift */; };
		30A532592148AC3500C2E63D /* NowPlayingViewController.swift in Sources */ = {isa = PBXBuildFile; fileRef = 30A532582148AC3500C2E63D /* NowPlayingViewController.swift */; };
/* End PBXBuildFile section */

/* Begin PBXContainerItemProxy section */
		30290AAB2148A5A200E0F833 /* PBXContainerItemProxy */ = {
			isa = PBXContainerItemProxy;
			containerPortal = 30290A8E2148A5A000E0F833 /* Project object */;
			proxyType = 1;
			remoteGlobalIDString = 30290A952148A5A000E0F833;
			remoteInfo = Flix;
		};
		30290AB62148A5A200E0F833 /* PBXContainerItemProxy */ = {
			isa = PBXContainerItemProxy;
			containerPortal = 30290A8E2148A5A000E0F833 /* Project object */;
			proxyType = 1;
			remoteGlobalIDString = 30290A952148A5A000E0F833;
			remoteInfo = Flix;
		};
/* End PBXContainerItemProxy section */

/* Begin PBXFileReference section */
		30290A962148A5A000E0F833 /* Flix.app */ = {isa = PBXFileReference; explicitFileType = wrapper.application; includeInIndex = 0; path = Flix.app; sourceTree = BUILT_PRODUCTS_DIR; };
		30290A992148A5A000E0F833 /* AppDelegate.swift */ = {isa = PBXFileReference; lastKnownFileType = sourcecode.swift; path = AppDelegate.swift; sourceTree = "<group>"; };
		30290A9E2148A5A000E0F833 /* Base */ = {isa = PBXFileReference; lastKnownFileType = file.storyboard; name = Base; path = Base.lproj/Main.storyboard; sourceTree = "<group>"; };
		30290AA02148A5A200E0F833 /* Assets.xcassets */ = {isa = PBXFileReference; lastKnownFileType = folder.assetcatalog; path = Assets.xcassets; sourceTree = "<group>"; };
		30290AA32148A5A200E0F833 /* Base */ = {isa = PBXFileReference; lastKnownFileType = file.storyboard; name = Base; path = Base.lproj/LaunchScreen.storyboard; sourceTree = "<group>"; };
		30290AA52148A5A200E0F833 /* Info.plist */ = {isa = PBXFileReference; lastKnownFileType = text.plist.xml; path = Info.plist; sourceTree = "<group>"; };
		30290AAA2148A5A200E0F833 /* FlixTests.xctest */ = {isa = PBXFileReference; explicitFileType = wrapper.cfbundle; includeInIndex = 0; path = FlixTests.xctest; sourceTree = BUILT_PRODUCTS_DIR; };
		30290AAE2148A5A200E0F833 /* FlixTests.swift */ = {isa = PBXFileReference; lastKnownFileType = sourcecode.swift; path = FlixTests.swift; sourceTree = "<group>"; };
		30290AB02148A5A200E0F833 /* Info.plist */ = {isa = PBXFileReference; lastKnownFileType = text.plist.xml; path = Info.plist; sourceTree = "<group>"; };
		30290AB52148A5A200E0F833 /* FlixUITests.xctest */ = {isa = PBXFileReference; explicitFileType = wrapper.cfbundle; includeInIndex = 0; path = FlixUITests.xctest; sourceTree = BUILT_PRODUCTS_DIR; };
		30290AB92148A5A200E0F833 /* FlixUITests.swift */ = {isa = PBXFileReference; lastKnownFileType = sourcecode.swift; path = FlixUITests.swift; sourceTree = "<group>"; };
		30290ABB2148A5A200E0F833 /* Info.plist */ = {isa = PBXFileReference; lastKnownFileType = text.plist.xml; path = Info.plist; sourceTree = "<group>"; };
		30A532582148AC3500C2E63D /* NowPlayingViewController.swift */ = {isa = PBXFileReference; lastKnownFileType = sourcecode.swift; path = NowPlayingViewController.swift; sourceTree = "<group>"; };
/* End PBXFileReference section */

/* Begin PBXFrameworksBuildPhase section */
		30290A932148A5A000E0F833 /* Frameworks */ = {
			isa = PBXFrameworksBuildPhase;
			buildActionMask = 2147483647;
			files = (
			);
			runOnlyForDeploymentPostprocessing = 0;
		};
		30290AA72148A5A200E0F833 /* Frameworks */ = {
			isa = PBXFrameworksBuildPhase;
			buildActionMask = 2147483647;
			files = (
			);
			runOnlyForDeploymentPostprocessing = 0;
		};
		30290AB22148A5A200E0F833 /* Frameworks */ = {
			isa = PBXFrameworksBuildPhase;
			buildActionMask = 2147483647;
			files = (
			);
			runOnlyForDeploymentPostprocessing = 0;
		};
/* End PBXFrameworksBuildPhase section */

/* Begin PBXGroup section */
		30290A8D2148A5A000E0F833 = {
			isa = PBXGroup;
			children = (
				30290A982148A5A000E0F833 /* Flix */,
				30290AAD2148A5A200E0F833 /* FlixTests */,
				30290AB82148A5A200E0F833 /* FlixUITests */,
				30290A972148A5A000E0F833 /* Products */,
			);
			sourceTree = "<group>";
		};
		30290A972148A5A000E0F833 /* Products */ = {
			isa = PBXGroup;
			children = (
				30290A962148A5A000E0F833 /* Flix.app */,
				30290AAA2148A5A200E0F833 /* FlixTests.xctest */,
				30290AB52148A5A200E0F833 /* FlixUITests.xctest */,
			);
			name = Products;
			sourceTree = "<group>";
		};
		30290A982148A5A000E0F833 /* Flix */ = {
			isa = PBXGroup;
			children = (
				30290A992148A5A000E0F833 /* AppDelegate.swift */,
				30A532582148AC3500C2E63D /* NowPlayingViewController.swift */,
				30290A9D2148A5A000E0F833 /* Main.storyboard */,
				30290AA02148A5A200E0F833 /* Assets.xcassets */,
				30290AA22148A5A200E0F833 /* LaunchScreen.storyboard */,
				30290AA52148A5A200E0F833 /* Info.plist */,
			);
			path = Flix;
			sourceTree = "<group>";
		};
		30290AAD2148A5A200E0F833 /* FlixTests */ = {
			isa = PBXGroup;
			children = (
				30290AAE2148A5A200E0F833 /* FlixTests.swift */,
				30290AB02148A5A200E0F833 /* Info.plist */,
			);
			path = FlixTests;
			sourceTree = "<group>";
		};
		30290AB82148A5A200E0F833 /* FlixUITests */ = {
			isa = PBXGroup;
			children = (
				30290AB92148A5A200E0F833 /* FlixUITests.swift */,
				30290ABB2148A5A200E0F833 /* Info.plist */,
			);
			path = FlixUITests;
			sourceTree = "<group>";
		};
/* End PBXGroup section */

/* Begin PBXNativeTarget section */
		30290A952148A5A000E0F833 /* Flix */ = {
			isa = PBXNativeTarget;
			buildConfigurationList = 30290ABE2148A5A200E0F833 /* Build configuration list for PBXNativeTarget "Flix" */;
			buildPhases = (
				30290A922148A5A000E0F833 /* Sources */,
				30290A932148A5A000E0F833 /* Frameworks */,
				30290A942148A5A000E0F833 /* Resources */,
			);
			buildRules = (
			);
			dependencies = (
			);
			name = Flix;
			productName = Flix;
			productReference = 30290A962148A5A000E0F833 /* Flix.app */;
			productType = "com.apple.product-type.application";
		};
		30290AA92148A5A200E0F833 /* FlixTests */ = {
			isa = PBXNativeTarget;
			buildConfigurationList = 30290AC12148A5A200E0F833 /* Build configuration list for PBXNativeTarget "FlixTests" */;
			buildPhases = (
				30290AA62148A5A200E0F833 /* Sources */,
				30290AA72148A5A200E0F833 /* Frameworks */,
				30290AA82148A5A200E0F833 /* Resources */,
			);
			buildRules = (
			);
			dependencies = (
				30290AAC2148A5A200E0F833 /* PBXTargetDependency */,
			);
			name = FlixTests;
			productName = FlixTests;
			productReference = 30290AAA2148A5A200E0F833 /* FlixTests.xctest */;
			productType = "com.apple.product-type.bundle.unit-test";
		};
		30290AB42148A5A200E0F833 /* FlixUITests */ = {
			isa = PBXNativeTarget;
			buildConfigurationList = 30290AC42148A5A200E0F833 /* Build configuration list for PBXNativeTarget "FlixUITests" */;
			buildPhases = (
				30290AB12148A5A200E0F833 /* Sources */,
				30290AB22148A5A200E0F833 /* Frameworks */,
				30290AB32148A5A200E0F833 /* Resources */,
			);
			buildRules = (
			);
			dependencies = (
				30290AB72148A5A200E0F833 /* PBXTargetDependency */,
			);
			name = FlixUITests;
			productName = FlixUITests;
			productReference = 30290AB52148A5A200E0F833 /* FlixUITests.xctest */;
			productType = "com.apple.product-type.bundle.ui-testing";
		};
/* End PBXNativeTarget section */

/* Begin PBXProject section */
		30290A8E2148A5A000E0F833 /* Project object */ = {
			isa = PBXProject;
			attributes = {
				LastSwiftUpdateCheck = 0940;
				LastUpgradeCheck = 0940;
				ORGANIZATIONNAME = "Danny Rivera";
				TargetAttributes = {
					30290A952148A5A000E0F833 = {
						CreatedOnToolsVersion = 9.4.1;
					};
					30290AA92148A5A200E0F833 = {
						CreatedOnToolsVersion = 9.4.1;
						TestTargetID = 30290A952148A5A000E0F833;
					};
					30290AB42148A5A200E0F833 = {
						CreatedOnToolsVersion = 9.4.1;
						TestTargetID = 30290A952148A5A000E0F833;
					};
				};
			};
			buildConfigurationList = 30290A912148A5A000E0F833 /* Build configuration list for PBXProject "Flix" */;
			compatibilityVersion = "Xcode 9.3";
			developmentRegion = en;
			hasScannedForEncodings = 0;
			knownRegions = (
				en,
				Base,
			);
			mainGroup = 30290A8D2148A5A000E0F833;
			productRefGroup = 30290A972148A5A000E0F833 /* Products */;
			projectDirPath = "";
			projectRoot = "";
			targets = (
				30290A952148A5A000E0F833 /* Flix */,
				30290AA92148A5A200E0F833 /* FlixTests */,
				30290AB42148A5A200E0F833 /* FlixUITests */,
			);
		};
/* End PBXProject section */

/* Begin PBXResourcesBuildPhase section */
		30290A942148A5A000E0F833 /* Resources */ = {
			isa = PBXResourcesBuildPhase;
			buildActionMask = 2147483647;
			files = (
				30290AA42148A5A200E0F833 /* LaunchScreen.storyboard in Resources */,
				30290AA12148A5A200E0F833 /* Assets.xcassets in Resources */,
				30290A9F2148A5A000E0F833 /* Main.storyboard in Resources */,
			);
			runOnlyForDeploymentPostprocessing = 0;
		};
		30290AA82148A5A200E0F833 /* Resources */ = {
			isa = PBXResourcesBuildPhase;
			buildActionMask = 2147483647;
			files = (
			);
			runOnlyForDeploymentPostprocessing = 0;
		};
		30290AB32148A5A200E0F833 /* Resources */ = {
			isa = PBXResourcesBuildPhase;
			buildActionMask = 2147483647;
			files = (
			);
			runOnlyForDeploymentPostprocessing = 0;
		};
/* End PBXResourcesBuildPhase section */

/* Begin PBXSourcesBuildPhase section */
		30290A922148A5A000E0F833 /* Sources */ = {
			isa = PBXSourcesBuildPhase;
			buildActionMask = 2147483647;
			files = (
				30A532592148AC3500C2E63D /* NowPlayingViewController.swift in Sources */,
				30290A9A2148A5A000E0F833 /* AppDelegate.swift in Sources */,
			);
			runOnlyForDeploymentPostprocessing = 0;
		};
		30290AA62148A5A200E0F833 /* Sources */ = {
			isa = PBXSourcesBuildPhase;
			buildActionMask = 2147483647;
			files = (
				30290AAF2148A5A200E0F833 /* FlixTests.swift in Sources */,
			);
			runOnlyForDeploymentPostprocessing = 0;
		};
		30290AB12148A5A200E0F833 /* Sources */ = {
			isa = PBXSourcesBuildPhase;
			buildActionMask = 2147483647;
			files = (
				30290ABA2148A5A200E0F833 /* FlixUITests.swift in Sources */,
			);
			runOnlyForDeploymentPostprocessing = 0;
		};
/* End PBXSourcesBuildPhase section */

/* Begin PBXTargetDependency section */
		30290AAC2148A5A200E0F833 /* PBXTargetDependency */ = {
			isa = PBXTargetDependency;
			target = 30290A952148A5A000E0F833 /* Flix */;
			targetProxy = 30290AAB2148A5A200E0F833 /* PBXContainerItemProxy */;
		};
		30290AB72148A5A200E0F833 /* PBXTargetDependency */ = {
			isa = PBXTargetDependency;
			target = 30290A952148A5A000E0F833 /* Flix */;
			targetProxy = 30290AB62148A5A200E0F833 /* PBXContainerItemProxy */;
		};
/* End PBXTargetDependency section */

/* Begin PBXVariantGroup section */
		30290A9D2148A5A000E0F833 /* Main.storyboard */ = {
			isa = PBXVariantGroup;
			children = (
				30290A9E2148A5A000E0F833 /* Base */,
			);
			name = Main.storyboard;
			sourceTree = "<group>";
		};
		30290AA22148A5A200E0F833 /* LaunchScreen.storyboard */ = {
			isa = PBXVariantGroup;
			children = (
				30290AA32148A5A200E0F833 /* Base */,
			);
			name = LaunchScreen.storyboard;
			sourceTree = "<group>";
		};
/* End PBXVariantGroup section */

/* Begin XCBuildConfiguration section */
		30290ABC2148A5A200E0F833 /* Debug */ = {
			isa = XCBuildConfiguration;
			buildSettings = {
				ALWAYS_SEARCH_USER_PATHS = NO;
				CLANG_ANALYZER_NONNULL = YES;
				CLANG_ANALYZER_NUMBER_OBJECT_CONVERSION = YES_AGGRESSIVE;
				CLANG_CXX_LANGUAGE_STANDARD = "gnu++14";
				CLANG_CXX_LIBRARY = "libc++";
				CLANG_ENABLE_MODULES = YES;
				CLANG_ENABLE_OBJC_ARC = YES;
				CLANG_ENABLE_OBJC_WEAK = YES;
				CLANG_WARN_BLOCK_CAPTURE_AUTORELEASING = YES;
				CLANG_WARN_BOOL_CONVERSION = YES;
				CLANG_WARN_COMMA = YES;
				CLANG_WARN_CONSTANT_CONVERSION = YES;
				CLANG_WARN_DEPRECATED_OBJC_IMPLEMENTATIONS = YES;
				CLANG_WARN_DIRECT_OBJC_ISA_USAGE = YES_ERROR;
				CLANG_WARN_DOCUMENTATION_COMMENTS = YES;
				CLANG_WARN_EMPTY_BODY = YES;
				CLANG_WARN_ENUM_CONVERSION = YES;
				CLANG_WARN_INFINITE_RECURSION = YES;
				CLANG_WARN_INT_CONVERSION = YES;
				CLANG_WARN_NON_LITERAL_NULL_CONVERSION = YES;
				CLANG_WARN_OBJC_IMPLICIT_RETAIN_SELF = YES;
				CLANG_WARN_OBJC_LITERAL_CONVERSION = YES;
				CLANG_WARN_OBJC_ROOT_CLASS = YES_ERROR;
				CLANG_WARN_RANGE_LOOP_ANALYSIS = YES;
				CLANG_WARN_STRICT_PROTOTYPES = YES;
				CLANG_WARN_SUSPICIOUS_MOVE = YES;
				CLANG_WARN_UNGUARDED_AVAILABILITY = YES_AGGRESSIVE;
				CLANG_WARN_UNREACHABLE_CODE = YES;
				CLANG_WARN__DUPLICATE_METHOD_MATCH = YES;
				CODE_SIGN_IDENTITY = "iPhone Developer";
				COPY_PHASE_STRIP = NO;
				DEBUG_INFORMATION_FORMAT = dwarf;
				ENABLE_STRICT_OBJC_MSGSEND = YES;
				ENABLE_TESTABILITY = YES;
				GCC_C_LANGUAGE_STANDARD = gnu11;
				GCC_DYNAMIC_NO_PIC = NO;
				GCC_NO_COMMON_BLOCKS = YES;
				GCC_OPTIMIZATION_LEVEL = 0;
				GCC_PREPROCESSOR_DEFINITIONS = (
					"DEBUG=1",
					"$(inherited)",
				);
				GCC_WARN_64_TO_32_BIT_CONVERSION = YES;
				GCC_WARN_ABOUT_RETURN_TYPE = YES_ERROR;
				GCC_WARN_UNDECLARED_SELECTOR = YES;
				GCC_WARN_UNINITIALIZED_AUTOS = YES_AGGRESSIVE;
				GCC_WARN_UNUSED_FUNCTION = YES;
				GCC_WARN_UNUSED_VARIABLE = YES;
				IPHONEOS_DEPLOYMENT_TARGET = 11.4;
				MTL_ENABLE_DEBUG_INFO = YES;
				ONLY_ACTIVE_ARCH = YES;
				SDKROOT = iphoneos;
				SWIFT_ACTIVE_COMPILATION_CONDITIONS = DEBUG;
				SWIFT_OPTIMIZATION_LEVEL = "-Onone";
			};
			name = Debug;
		};
		30290ABD2148A5A200E0F833 /* Release */ = {
			isa = XCBuildConfiguration;
			buildSettings = {
				ALWAYS_SEARCH_USER_PATHS = NO;
				CLANG_ANALYZER_NONNULL = YES;
				CLANG_ANALYZER_NUMBER_OBJECT_CONVERSION = YES_AGGRESSIVE;
				CLANG_CXX_LANGUAGE_STANDARD = "gnu++14";
				CLANG_CXX_LIBRARY = "libc++";
				CLANG_ENABLE_MODULES = YES;
				CLANG_ENABLE_OBJC_ARC = YES;
				CLANG_ENABLE_OBJC_WEAK = YES;
				CLANG_WARN_BLOCK_CAPTURE_AUTORELEASING = YES;
				CLANG_WARN_BOOL_CONVERSION = YES;
				CLANG_WARN_COMMA = YES;
				CLANG_WARN_CONSTANT_CONVERSION = YES;
				CLANG_WARN_DEPRECATED_OBJC_IMPLEMENTATIONS = YES;
				CLANG_WARN_DIRECT_OBJC_ISA_USAGE = YES_ERROR;
				CLANG_WARN_DOCUMENTATION_COMMENTS = YES;
				CLANG_WARN_EMPTY_BODY = YES;
				CLANG_WARN_ENUM_CONVERSION = YES;
				CLANG_WARN_INFINITE_RECURSION = YES;
				CLANG_WARN_INT_CONVERSION = YES;
				CLANG_WARN_NON_LITERAL_NULL_CONVERSION = YES;
				CLANG_WARN_OBJC_IMPLICIT_RETAIN_SELF = YES;
				CLANG_WARN_OBJC_LITERAL_CONVERSION = YES;
				CLANG_WARN_OBJC_ROOT_CLASS = YES_ERROR;
				CLANG_WARN_RANGE_LOOP_ANALYSIS = YES;
				CLANG_WARN_STRICT_PROTOTYPES = YES;
				CLANG_WARN_SUSPICIOUS_MOVE = YES;
				CLANG_WARN_UNGUARDED_AVAILABILITY = YES_AGGRESSIVE;
				CLANG_WARN_UNREACHABLE_CODE = YES;
				CLANG_WARN__DUPLICATE_METHOD_MATCH = YES;
				CODE_SIGN_IDENTITY = "iPhone Developer";
				COPY_PHASE_STRIP = NO;
				DEBUG_INFORMATION_FORMAT = "dwarf-with-dsym";
				ENABLE_NS_ASSERTIONS = NO;
				ENABLE_STRICT_OBJC_MSGSEND = YES;
				GCC_C_LANGUAGE_STANDARD = gnu11;
				GCC_NO_COMMON_BLOCKS = YES;
				GCC_WARN_64_TO_32_BIT_CONVERSION = YES;
				GCC_WARN_ABOUT_RETURN_TYPE = YES_ERROR;
				GCC_WARN_UNDECLARED_SELECTOR = YES;
				GCC_WARN_UNINITIALIZED_AUTOS = YES_AGGRESSIVE;
				GCC_WARN_UNUSED_FUNCTION = YES;
				GCC_WARN_UNUSED_VARIABLE = YES;
				IPHONEOS_DEPLOYMENT_TARGET = 11.4;
				MTL_ENABLE_DEBUG_INFO = NO;
				SDKROOT = iphoneos;
				SWIFT_COMPILATION_MODE = wholemodule;
				SWIFT_OPTIMIZATION_LEVEL = "-O";
				VALIDATE_PRODUCT = YES;
			};
			name = Release;
		};
		30290ABF2148A5A200E0F833 /* Debug */ = {
			isa = XCBuildConfiguration;
			buildSettings = {
				ASSETCATALOG_COMPILER_APPICON_NAME = AppIcon;
				CODE_SIGN_STYLE = Automatic;
				INFOPLIST_FILE = Flix/Info.plist;
				LD_RUNPATH_SEARCH_PATHS = (
					"$(inherited)",
					"@executable_path/Frameworks",
				);
				PRODUCT_BUNDLE_IDENTIFIER = "Danny-Rivera.Flix";
				PRODUCT_NAME = "$(TARGET_NAME)";
				SWIFT_VERSION = 4.0;
				TARGETED_DEVICE_FAMILY = "1,2";
			};
			name = Debug;
		};
		30290AC02148A5A200E0F833 /* Release */ = {
			isa = XCBuildConfiguration;
			buildSettings = {
				ASSETCATALOG_COMPILER_APPICON_NAME = AppIcon;
				CODE_SIGN_STYLE = Automatic;
				INFOPLIST_FILE = Flix/Info.plist;
				LD_RUNPATH_SEARCH_PATHS = (
					"$(inherited)",
					"@executable_path/Frameworks",
				);
				PRODUCT_BUNDLE_IDENTIFIER = "Danny-Rivera.Flix";
				PRODUCT_NAME = "$(TARGET_NAME)";
				SWIFT_VERSION = 4.0;
				TARGETED_DEVICE_FAMILY = "1,2";
			};
			name = Release;
		};
		30290AC22148A5A200E0F833 /* Debug */ = {
			isa = XCBuildConfiguration;
			buildSettings = {
				ALWAYS_EMBED_SWIFT_STANDARD_LIBRARIES = YES;
				BUNDLE_LOADER = "$(TEST_HOST)";
				CODE_SIGN_STYLE = Automatic;
				INFOPLIST_FILE = FlixTests/Info.plist;
				LD_RUNPATH_SEARCH_PATHS = (
					"$(inherited)",
					"@executable_path/Frameworks",
					"@loader_path/Frameworks",
				);
				PRODUCT_BUNDLE_IDENTIFIER = "Danny-Rivera.FlixTests";
				PRODUCT_NAME = "$(TARGET_NAME)";
				SWIFT_VERSION = 4.0;
				TARGETED_DEVICE_FAMILY = "1,2";
				TEST_HOST = "$(BUILT_PRODUCTS_DIR)/Flix.app/Flix";
			};
			name = Debug;
		};
		30290AC32148A5A200E0F833 /* Release */ = {
			isa = XCBuildConfiguration;
			buildSettings = {
				ALWAYS_EMBED_SWIFT_STANDARD_LIBRARIES = YES;
				BUNDLE_LOADER = "$(TEST_HOST)";
				CODE_SIGN_STYLE = Automatic;
				INFOPLIST_FILE = FlixTests/Info.plist;
				LD_RUNPATH_SEARCH_PATHS = (
					"$(inherited)",
					"@executable_path/Frameworks",
					"@loader_path/Frameworks",
				);
				PRODUCT_BUNDLE_IDENTIFIER = "Danny-Rivera.FlixTests";
				PRODUCT_NAME = "$(TARGET_NAME)";
				SWIFT_VERSION = 4.0;
				TARGETED_DEVICE_FAMILY = "1,2";
				TEST_HOST = "$(BUILT_PRODUCTS_DIR)/Flix.app/Flix";
			};
			name = Release;
		};
		30290AC52148A5A200E0F833 /* Debug */ = {
			isa = XCBuildConfiguration;
			buildSettings = {
				ALWAYS_EMBED_SWIFT_STANDARD_LIBRARIES = YES;
				CODE_SIGN_STYLE = Automatic;
				INFOPLIST_FILE = FlixUITests/Info.plist;
				LD_RUNPATH_SEARCH_PATHS = (
					"$(inherited)",
					"@executable_path/Frameworks",
					"@loader_path/Frameworks",
				);
				PRODUCT_BUNDLE_IDENTIFIER = "Danny-Rivera.FlixUITests";
				PRODUCT_NAME = "$(TARGET_NAME)";
				SWIFT_VERSION = 4.0;
				TARGETED_DEVICE_FAMILY = "1,2";
				TEST_TARGET_NAME = Flix;
			};
			name = Debug;
		};
		30290AC62148A5A200E0F833 /* Release */ = {
			isa = XCBuildConfiguration;
			buildSettings = {
				ALWAYS_EMBED_SWIFT_STANDARD_LIBRARIES = YES;
				CODE_SIGN_STYLE = Automatic;
				INFOPLIST_FILE = FlixUITests/Info.plist;
				LD_RUNPATH_SEARCH_PATHS = (
					"$(inherited)",
					"@executable_path/Frameworks",
					"@loader_path/Frameworks",
				);
				PRODUCT_BUNDLE_IDENTIFIER = "Danny-Rivera.FlixUITests";
				PRODUCT_NAME = "$(TARGET_NAME)";
				SWIFT_VERSION = 4.0;
				TARGETED_DEVICE_FAMILY = "1,2";
				TEST_TARGET_NAME = Flix;
			};
			name = Release;
		};
/* End XCBuildConfiguration section */

/* Begin XCConfigurationList section */
		30290A912148A5A000E0F833 /* Build configuration list for PBXProject "Flix" */ = {
			isa = XCConfigurationList;
			buildConfigurations = (
				30290ABC2148A5A200E0F833 /* Debug */,
				30290ABD2148A5A200E0F833 /* Release */,
			);
			defaultConfigurationIsVisible = 0;
			defaultConfigurationName = Release;
		};
		30290ABE2148A5A200E0F833 /* Build configuration list for PBXNativeTarget "Flix" */ = {
			isa = XCConfigurationList;
			buildConfigurations = (
				30290ABF2148A5A200E0F833 /* Debug */,
				30290AC02148A5A200E0F833 /* Release */,
			);
			defaultConfigurationIsVisible = 0;
			defaultConfigurationName = Release;
		};
		30290AC12148A5A200E0F833 /* Build configuration list for PBXNativeTarget "FlixTests" */ = {
			isa = XCConfigurationList;
			buildConfigurations = (
				30290AC22148A5A200E0F833 /* Debug */,
				30290AC32148A5A200E0F833 /* Release */,
			);
			defaultConfigurationIsVisible = 0;
			defaultConfigurationName = Release;
		};
		30290AC42148A5A200E0F833 /* Build configuration list for PBXNativeTarget "FlixUITests" */ = {
			isa = XCConfigurationList;
			buildConfigurations = (
				30290AC52148A5A200E0F833 /* Debug */,
				30290AC62148A5A200E0F833 /* Release */,
			);
			defaultConfigurationIsVisible = 0;
			defaultConfigurationName = Release;
		};
/* End XCConfigurationList section */
	};
	rootObject = 30290A8E2148A5A000E0F833 /* Project object */;
}
